
Microsoft Visual Studio Solution File, Format Version 12.00
# Visual Studio 14
VisualStudioVersion = 14.0.25420.1
MinimumVisualStudioVersion = 10.0.40219.1
Project("{FAE04EC0-301F-11D3-BF4B-00C04F79EFBC}") = "HelloWorldConsoleApp", "HelloWorldConsoleApp\HelloWorldConsoleApp.csproj", "{85DEF806-47A8-46BA-A4BD-E72F927CA3E1}"
EndProject
Project("{FAE04EC0-301F-11D3-BF4B-00C04F79EFBC}") = "HelloWorldAPITest", "HelloWorldAPITest\HelloWorldAPITest.csproj", "{BCA8DFE0-45CC-4277-931C-3BBBDC7BB43C}"
EndProject
Project("{FAE04EC0-301F-11D3-BF4B-00C04F79EFBC}") = "HelloWorldAPI", "HelloWorldAPI\HelloWorldAPI.csproj", "{CE057E2A-348E-4B04-B3A6-1AA8C5568A73}"
EndProject
Global
	GlobalSection(SolutionConfigurationPlatforms) = preSolution
		Debug|Any CPU = Debug|Any CPU
		Debug|ARM = Debug|ARM
		Debug|x64 = Debug|x64
		Debug|x86 = Debug|x86
		Release|Any CPU = Release|Any CPU
		Release|ARM = Release|ARM
		Release|x64 = Release|x64
		Release|x86 = Release|x86
	EndGlobalSection
	GlobalSection(ProjectConfigurationPlatforms) = postSolution
		{85DEF806-47A8-46BA-A4BD-E72F927CA3E1}.Debug|Any CPU.ActiveCfg = Debug|Any CPU
		{85DEF806-47A8-46BA-A4BD-E72F927CA3E1}.Debug|Any CPU.Build.0 = Debug|Any CPU
		{85DEF806-47A8-46BA-A4BD-E72F927CA3E1}.Debug|ARM.ActiveCfg = Debug|Any CPU
		{85DEF806-47A8-46BA-A4BD-E72F927CA3E1}.Debug|ARM.Build.0 = Debug|Any CPU
		{85DEF806-47A8-46BA-A4BD-E72F927CA3E1}.Debug|x64.ActiveCfg = Debug|Any CPU
		{85DEF806-47A8-46BA-A4BD-E72F927CA3E1}.Debug|x64.Build.0 = Debug|Any CPU
		{85DEF806-47A8-46BA-A4BD-E72F927CA3E1}.Debug|x86.ActiveCfg = Debug|Any CPU
		{85DEF806-47A8-46BA-A4BD-E72F927CA3E1}.Debug|x86.Build.0 = Debug|Any CPU
		{85DEF806-47A8-46BA-A4BD-E72F927CA3E1}.Release|Any CPU.ActiveCfg = Release|Any CPU
		{85DEF806-47A8-46BA-A4BD-E72F927CA3E1}.Release|Any CPU.Build.0 = Release|Any CPU
		{85DEF806-47A8-46BA-A4BD-E72F927CA3E1}.Release|ARM.ActiveCfg = Release|Any CPU
		{85DEF806-47A8-46BA-A4BD-E72F927CA3E1}.Release|ARM.Build.0 = Release|Any CPU
		{85DEF806-47A8-46BA-A4BD-E72F927CA3E1}.Release|x64.ActiveCfg = Release|Any CPU
		{85DEF806-47A8-46BA-A4BD-E72F927CA3E1}.Release|x64.Build.0 = Release|Any CPU
		{85DEF806-47A8-46BA-A4BD-E72F927CA3E1}.Release|x86.ActiveCfg = Release|Any CPU
		{85DEF806-47A8-46BA-A4BD-E72F927CA3E1}.Release|x86.Build.0 = Release|Any CPU
		{BCA8DFE0-45CC-4277-931C-3BBBDC7BB43C}.Debug|Any CPU.ActiveCfg = Debug|Any CPU
		{BCA8DFE0-45CC-4277-931C-3BBBDC7BB43C}.Debug|Any CPU.Build.0 = Debug|Any CPU
		{BCA8DFE0-45CC-4277-931C-3BBBDC7BB43C}.Debug|Any CPU.Deploy.0 = Debug|Any CPU
		{BCA8DFE0-45CC-4277-931C-3BBBDC7BB43C}.Debug|ARM.ActiveCfg = Debug|ARM
		{BCA8DFE0-45CC-4277-931C-3BBBDC7BB43C}.Debug|ARM.Build.0 = Debug|ARM
		{BCA8DFE0-45CC-4277-931C-3BBBDC7BB43C}.Debug|ARM.Deploy.0 = Debug|ARM
		{BCA8DFE0-45CC-4277-931C-3BBBDC7BB43C}.Debug|x64.ActiveCfg = Debug|x64
		{BCA8DFE0-45CC-4277-931C-3BBBDC7BB43C}.Debug|x64.Build.0 = Debug|x64
		{BCA8DFE0-45CC-4277-931C-3BBBDC7BB43C}.Debug|x64.Deploy.0 = Debug|x64
		{BCA8DFE0-45CC-4277-931C-3BBBDC7BB43C}.Debug|x86.ActiveCfg = Debug|x86
		{BCA8DFE0-45CC-4277-931C-3BBBDC7BB43C}.Debug|x86.Build.0 = Debug|x86
		{BCA8DFE0-45CC-4277-931C-3BBBDC7BB43C}.Debug|x86.Deploy.0 = Debug|x86
		{BCA8DFE0-45CC-4277-931C-3BBBDC7BB43C}.Release|Any CPU.ActiveCfg = Release|Any CPU
		{BCA8DFE0-45CC-4277-931C-3BBBDC7BB43C}.Release|Any CPU.Build.0 = Release|Any CPU
		{BCA8DFE0-45CC-4277-931C-3BBBDC7BB43C}.Release|Any CPU.Deploy.0 = Release|Any CPU
		{BCA8DFE0-45CC-4277-931C-3BBBDC7BB43C}.Release|ARM.ActiveCfg = Release|ARM
		{BCA8DFE0-45CC-4277-931C-3BBBDC7BB43C}.Release|ARM.Build.0 = Release|ARM
		{BCA8DFE0-45CC-4277-931C-3BBBDC7BB43C}.Release|ARM.Deploy.0 = Release|ARM
		{BCA8DFE0-45CC-4277-931C-3BBBDC7BB43C}.Release|x64.ActiveCfg = Release|x64
		{BCA8DFE0-45CC-4277-931C-3BBBDC7BB43C}.Release|x64.Build.0 = Release|x64
		{BCA8DFE0-45CC-4277-931C-3BBBDC7BB43C}.Release|x64.Deploy.0 = Release|x64
		{BCA8DFE0-45CC-4277-931C-3BBBDC7BB43C}.Release|x86.ActiveCfg = Release|x86
		{BCA8DFE0-45CC-4277-931C-3BBBDC7BB43C}.Release|x86.Build.0 = Release|x86
		{BCA8DFE0-45CC-4277-931C-3BBBDC7BB43C}.Release|x86.Deploy.0 = Release|x86
		{CE057E2A-348E-4B04-B3A6-1AA8C5568A73}.Debug|Any CPU.ActiveCfg = Debug|Any CPU
		{CE057E2A-348E-4B04-B3A6-1AA8C5568A73}.Debug|Any CPU.Build.0 = Debug|Any CPU
		{CE057E2A-348E-4B04-B3A6-1AA8C5568A73}.Debug|ARM.ActiveCfg = Debug|Any CPU
		{CE057E2A-348E-4B04-B3A6-1AA8C5568A73}.Debug|ARM.Build.0 = Debug|Any CPU
		{CE057E2A-348E-4B04-B3A6-1AA8C5568A73}.Debug|x64.ActiveCfg = Debug|Any CPU
		{CE057E2A-348E-4B04-B3A6-1AA8C5568A73}.Debug|x64.Build.0 = Debug|Any CPU
		{CE057E2A-348E-4B04-B3A6-1AA8C5568A73}.Debug|x86.ActiveCfg = Debug|Any CPU
		{CE057E2A-348E-4B04-B3A6-1AA8C5568A73}.Debug|x86.Build.0 = Debug|Any CPU
		{CE057E2A-348E-4B04-B3A6-1AA8C5568A73}.Release|Any CPU.ActiveCfg = Release|Any CPU
		{CE057E2A-348E-4B04-B3A6-1AA8C5568A73}.Release|Any CPU.Build.0 = Release|Any CPU
		{CE057E2A-348E-4B04-B3A6-1AA8C5568A73}.Release|ARM.ActiveCfg = Release|Any CPU
		{CE057E2A-348E-4B04-B3A6-1AA8C5568A73}.Release|ARM.Build.0 = Release|Any CPU
		{CE057E2A-348E-4B04-B3A6-1AA8C5568A73}.Release|x64.ActiveCfg = Release|Any CPU
		{CE057E2A-348E-4B04-B3A6-1AA8C5568A73}.Release|x64.Build.0 = Release|Any CPU
		{CE057E2A-348E-4B04-B3A6-1AA8C5568A73}.Release|x86.ActiveCfg = Release|Any CPU
		{CE057E2A-348E-4B04-B3A6-1AA8C5568A73}.Release|x86.Build.0 = Release|Any CPU
	EndGlobalSection
	GlobalSection(SolutionProperties) = preSolution
		HideSolutionNode = FALSE
	EndGlobalSection
EndGlobal
